
Microsoft Visual Studio Solution File, Format Version 12.00
# Visual Studio 15
VisualStudioVersion = 15.0.26403.0
MinimumVisualStudioVersion = 10.0.40219.1
Project("{8BC9CEB8-8B4A-11D0-8D11-00A0C91BC942}") = "Fe", "Fe\Fe.vcxproj", "{0D05EF5D-0D1A-4B14-AC37-B274EC62E588}"
EndProject
Project("{8BC9CEB8-8B4A-11D0-8D11-00A0C91BC942}") = "Makey", "Makey\Makey.vcxproj", "{537511C5-42F5-46DB-BAA2-19C35C154958}"
	ProjectSection(ProjectDependencies) = postProject
		{0D05EF5D-0D1A-4B14-AC37-B274EC62E588} = {0D05EF5D-0D1A-4B14-AC37-B274EC62E588}
	EndProjectSection
EndProject
Project("{2150E333-8FDC-42A3-9474-1A3956D46DE8}") = "Solution Items", "Solution Items", "{FF3DB73F-E91E-4605-AB14-4C27C4F695A8}"
	ProjectSection(SolutionItems) = preProject
		.gitignore = .gitignore
		build.ninja = build.ninja
	EndProjectSection
EndProject
Global
	GlobalSection(SolutionConfigurationPlatforms) = preSolution
		Debug|Win_x86 = Debug|Win_x86
		Debug|Win_x64 = Debug|Win_x64
		Release|Win_x86 = Release|Win_x86
		Release|Win_x64 = Release|Win_x64
		Profile|Win_x86 = Profile|Win_x86
		Profile|Win_x64 = Profile|Win_x64
		Final|Win_x86 = Final|Win_x86
		Final|Win_x64 = Final|Win_x64
	EndGlobalSection
	GlobalSection(ProjectConfigurationPlatforms) = postSolution
		{0D05EF5D-0D1A-4B14-AC37-B274EC62E588}.Debug|Win_x86.ActiveCfg = Debug|Win32
		{0D05EF5D-0D1A-4B14-AC37-B274EC62E588}.Debug|Win_x86.Build.0 = Debug|Win32
		{0D05EF5D-0D1A-4B14-AC37-B274EC62E588}.Debug|Win_x64.ActiveCfg = Debug|x64
		{0D05EF5D-0D1A-4B14-AC37-B274EC62E588}.Debug|Win_x64.Build.0 = Debug|x64
		{0D05EF5D-0D1A-4B14-AC37-B274EC62E588}.Release|Win_x86.ActiveCfg = Release|Win32
		{0D05EF5D-0D1A-4B14-AC37-B274EC62E588}.Release|Win_x86.Build.0 = Release|Win32
		{0D05EF5D-0D1A-4B14-AC37-B274EC62E588}.Release|Win_x64.ActiveCfg = Release|x64
		{0D05EF5D-0D1A-4B14-AC37-B274EC62E588}.Release|Win_x64.Build.0 = Release|x64
		{0D05EF5D-0D1A-4B14-AC37-B274EC62E588}.Profile|Win_x86.ActiveCfg = Profile|Win32
		{0D05EF5D-0D1A-4B14-AC37-B274EC62E588}.Profile|Win_x86.Build.0 = Profile|Win32
		{0D05EF5D-0D1A-4B14-AC37-B274EC62E588}.Profile|Win_x64.ActiveCfg = Profile|x64
		{0D05EF5D-0D1A-4B14-AC37-B274EC62E588}.Profile|Win_x64.Build.0 = Profile|x64
		{0D05EF5D-0D1A-4B14-AC37-B274EC62E588}.Final|Win_x86.ActiveCfg = Final|Win32
		{0D05EF5D-0D1A-4B14-AC37-B274EC62E588}.Final|Win_x86.Build.0 = Final|Win32
		{0D05EF5D-0D1A-4B14-AC37-B274EC62E588}.Final|Win_x64.ActiveCfg = Final|x64
		{0D05EF5D-0D1A-4B14-AC37-B274EC62E588}.Final|Win_x64.Build.0 = Final|x64
		{537511C5-42F5-46DB-BAA2-19C35C154958}.Debug|Win_x86.ActiveCfg = Debug|Win32
		{537511C5-42F5-46DB-BAA2-19C35C154958}.Debug|Win_x86.Build.0 = Debug|Win32
		{537511C5-42F5-46DB-BAA2-19C35C154958}.Debug|Win_x64.ActiveCfg = Debug|x64
		{537511C5-42F5-46DB-BAA2-19C35C154958}.Debug|Win_x64.Build.0 = Debug|x64
		{537511C5-42F5-46DB-BAA2-19C35C154958}.Release|Win_x86.ActiveCfg = Release|Win32
		{537511C5-42F5-46DB-BAA2-19C35C154958}.Release|Win_x86.Build.0 = Release|Win32
		{537511C5-42F5-46DB-BAA2-19C35C154958}.Release|Win_x64.ActiveCfg = Release|x64
		{537511C5-42F5-46DB-BAA2-19C35C154958}.Release|Win_x64.Build.0 = Release|x64
		{537511C5-42F5-46DB-BAA2-19C35C154958}.Profile|Win_x86.ActiveCfg = Profile|Win32
		{537511C5-42F5-46DB-BAA2-19C35C154958}.Profile|Win_x86.Build.0 = Profile|Win32
		{537511C5-42F5-46DB-BAA2-19C35C154958}.Profile|Win_x64.ActiveCfg = Profile|x64
		{537511C5-42F5-46DB-BAA2-19C35C154958}.Profile|Win_x64.Build.0 = Profile|x64
		{537511C5-42F5-46DB-BAA2-19C35C154958}.Final|Win_x86.ActiveCfg = Final|Win32
		{537511C5-42F5-46DB-BAA2-19C35C154958}.Final|Win_x86.Build.0 = Final|Win32
		{537511C5-42F5-46DB-BAA2-19C35C154958}.Final|Win_x64.ActiveCfg = Final|x64
		{537511C5-42F5-46DB-BAA2-19C35C154958}.Final|Win_x64.Build.0 = Final|x64
	EndGlobalSection
	GlobalSection(SolutionProperties) = preSolution
		HideSolutionNode = FALSE
	EndGlobalSection
EndGlobal
